// !$*UTF8*$!
{
	archiveVersion = 1;
	classes = {
	};
	objectVersion = 46;
	objects = {

/* Begin PBXBuildFile section */
		28681B4E1F1194690091BC28 /* AppDelegate.swift in Sources */ = {isa = PBXBuildFile; fileRef = 28681B4D1F1194690091BC28 /* AppDelegate.swift */; };
		28681B501F1194690091BC28 /* AmountViewController.swift in Sources */ = {isa = PBXBuildFile; fileRef = 28681B4F1F1194690091BC28 /* AmountViewController.swift */; };
		28681B531F1194690091BC28 /* Payment.storyboard in Resources */ = {isa = PBXBuildFile; fileRef = 28681B511F1194690091BC28 /* Payment.storyboard */; };
		28681B551F1194690091BC28 /* Assets.xcassets in Resources */ = {isa = PBXBuildFile; fileRef = 28681B541F1194690091BC28 /* Assets.xcassets */; };
		28681B581F1194690091BC28 /* LaunchScreen.storyboard in Resources */ = {isa = PBXBuildFile; fileRef = 28681B561F1194690091BC28 /* LaunchScreen.storyboard */; };
		28681B641F13C1C30091BC28 /* PaymentMethodViewController.swift in Sources */ = {isa = PBXBuildFile; fileRef = 28681B631F13C1C30091BC28 /* PaymentMethodViewController.swift */; };
		28681B661F13E7790091BC28 /* ServiceConstants.swift in Sources */ = {isa = PBXBuildFile; fileRef = 28681B651F13E7790091BC28 /* ServiceConstants.swift */; };
		28681B681F13E8EC0091BC28 /* PaymentService.swift in Sources */ = {isa = PBXBuildFile; fileRef = 28681B671F13E8EC0091BC28 /* PaymentService.swift */; };
		28681B6B1F13EE4C0091BC28 /* Network.swift in Sources */ = {isa = PBXBuildFile; fileRef = 28681B6A1F13EE4C0091BC28 /* Network.swift */; };
		28681B6D1F13EFA90091BC28 /* DefaultAlamofireManager.swift in Sources */ = {isa = PBXBuildFile; fileRef = 28681B6C1F13EFA90091BC28 /* DefaultAlamofireManager.swift */; };
		28681B6F1F13FAFD0091BC28 /* BaseService.swift in Sources */ = {isa = PBXBuildFile; fileRef = 28681B6E1F13FAFD0091BC28 /* BaseService.swift */; };
		289BE0D31F144FF400B06C1C /* payment_methods.json in Resources */ = {isa = PBXBuildFile; fileRef = 289BE0D21F144FF400B06C1C /* payment_methods.json */; };
		289BE0D61F14504D00B06C1C /* FileReader.swift in Sources */ = {isa = PBXBuildFile; fileRef = 289BE0D51F14504D00B06C1C /* FileReader.swift */; };
		289BE0DA1F152D5E00B06C1C /* PaymentMethodCell.swift in Sources */ = {isa = PBXBuildFile; fileRef = 289BE0D91F152D5E00B06C1C /* PaymentMethodCell.swift */; };
		2CABE4B2B1F423C5DA74BB46 /* Pods_payment.framework in Frameworks */ = {isa = PBXBuildFile; fileRef = F15144AE96E705710B29D1A2 /* Pods_payment.framework */; };
/* End PBXBuildFile section */

/* Begin PBXFileReference section */
		28681B4A1F1194690091BC28 /* payment.app */ = {isa = PBXFileReference; explicitFileType = wrapper.application; includeInIndex = 0; path = payment.app; sourceTree = BUILT_PRODUCTS_DIR; };
		28681B4D1F1194690091BC28 /* AppDelegate.swift */ = {isa = PBXFileReference; lastKnownFileType = sourcecode.swift; path = AppDelegate.swift; sourceTree = "<group>"; };
		28681B4F1F1194690091BC28 /* AmountViewController.swift */ = {isa = PBXFileReference; lastKnownFileType = sourcecode.swift; path = AmountViewController.swift; sourceTree = "<group>"; };
		28681B521F1194690091BC28 /* Base */ = {isa = PBXFileReference; lastKnownFileType = file.storyboard; name = Base; path = Base.lproj/Payment.storyboard; sourceTree = "<group>"; };
		28681B541F1194690091BC28 /* Assets.xcassets */ = {isa = PBXFileReference; lastKnownFileType = folder.assetcatalog; path = Assets.xcassets; sourceTree = "<group>"; };
		28681B571F1194690091BC28 /* Base */ = {isa = PBXFileReference; lastKnownFileType = file.storyboard; name = Base; path = Base.lproj/LaunchScreen.storyboard; sourceTree = "<group>"; };
		28681B591F1194690091BC28 /* Info.plist */ = {isa = PBXFileReference; lastKnownFileType = text.plist.xml; path = Info.plist; sourceTree = "<group>"; };
		28681B631F13C1C30091BC28 /* PaymentMethodViewController.swift */ = {isa = PBXFileReference; fileEncoding = 4; lastKnownFileType = sourcecode.swift; path = PaymentMethodViewController.swift; sourceTree = "<group>"; };
		28681B651F13E7790091BC28 /* ServiceConstants.swift */ = {isa = PBXFileReference; fileEncoding = 4; lastKnownFileType = sourcecode.swift; path = ServiceConstants.swift; sourceTree = "<group>"; };
		28681B671F13E8EC0091BC28 /* PaymentService.swift */ = {isa = PBXFileReference; fileEncoding = 4; lastKnownFileType = sourcecode.swift; path = PaymentService.swift; sourceTree = "<group>"; };
		28681B6A1F13EE4C0091BC28 /* Network.swift */ = {isa = PBXFileReference; fileEncoding = 4; lastKnownFileType = sourcecode.swift; path = Network.swift; sourceTree = "<group>"; };
		28681B6C1F13EFA90091BC28 /* DefaultAlamofireManager.swift */ = {isa = PBXFileReference; fileEncoding = 4; lastKnownFileType = sourcecode.swift; path = DefaultAlamofireManager.swift; sourceTree = "<group>"; };
		28681B6E1F13FAFD0091BC28 /* BaseService.swift */ = {isa = PBXFileReference; fileEncoding = 4; lastKnownFileType = sourcecode.swift; path = BaseService.swift; sourceTree = "<group>"; };
		289BE0D21F144FF400B06C1C /* payment_methods.json */ = {isa = PBXFileReference; fileEncoding = 4; lastKnownFileType = text.json; path = payment_methods.json; sourceTree = "<group>"; };
		289BE0D51F14504D00B06C1C /* FileReader.swift */ = {isa = PBXFileReference; fileEncoding = 4; lastKnownFileType = sourcecode.swift; path = FileReader.swift; sourceTree = "<group>"; };
		289BE0D91F152D5E00B06C1C /* PaymentMethodCell.swift */ = {isa = PBXFileReference; fileEncoding = 4; lastKnownFileType = sourcecode.swift; path = PaymentMethodCell.swift; sourceTree = "<group>"; };
		71579BC3FBE04F134741C7A4 /* Pods-payment.debug.xcconfig */ = {isa = PBXFileReference; includeInIndex = 1; lastKnownFileType = text.xcconfig; name = "Pods-payment.debug.xcconfig"; path = "Pods/Target Support Files/Pods-payment/Pods-payment.debug.xcconfig"; sourceTree = "<group>"; };
		F15144AE96E705710B29D1A2 /* Pods_payment.framework */ = {isa = PBXFileReference; explicitFileType = wrapper.framework; includeInIndex = 0; path = Pods_payment.framework; sourceTree = BUILT_PRODUCTS_DIR; };
		F7987EEBF629B548633809C9 /* Pods-payment.release.xcconfig */ = {isa = PBXFileReference; includeInIndex = 1; lastKnownFileType = text.xcconfig; name = "Pods-payment.release.xcconfig"; path = "Pods/Target Support Files/Pods-payment/Pods-payment.release.xcconfig"; sourceTree = "<group>"; };
/* End PBXFileReference section */

/* Begin PBXFrameworksBuildPhase section */
		28681B471F1194690091BC28 /* Frameworks */ = {
			isa = PBXFrameworksBuildPhase;
			buildActionMask = 2147483647;
			files = (
				2CABE4B2B1F423C5DA74BB46 /* Pods_payment.framework in Frameworks */,
			);
			runOnlyForDeploymentPostprocessing = 0;
		};
/* End PBXFrameworksBuildPhase section */

/* Begin PBXGroup section */
		28681B411F1194690091BC28 = {
			isa = PBXGroup;
			children = (
				28681B4C1F1194690091BC28 /* payment */,
				28681B4B1F1194690091BC28 /* Products */,
				B91C8B86AEF5A1B2C7102409 /* Pods */,
				AC9CF80788B8139C5F641348 /* Frameworks */,
			);
			sourceTree = "<group>";
		};
		28681B4B1F1194690091BC28 /* Products */ = {
			isa = PBXGroup;
			children = (
				28681B4A1F1194690091BC28 /* payment.app */,
			);
			name = Products;
			sourceTree = "<group>";
		};
		28681B4C1F1194690091BC28 /* payment */ = {
			isa = PBXGroup;
			children = (
				289BE0D81F1451BF00B06C1C /* ViewControllers */,
				289BE0D41F14503C00B06C1C /* Utilities */,
				28681B611F13B4200091BC28 /* Storyboards */,
				28681B691F13EE380091BC28 /* Networking */,
				28681B5F1F13B3770091BC28 /* Services */,
				28681B621F13B4390091BC28 /* Resources */,
				28681B4D1F1194690091BC28 /* AppDelegate.swift */,
			);
			path = payment;
			sourceTree = "<group>";
		};
		28681B5F1F13B3770091BC28 /* Services */ = {
			isa = PBXGroup;
			children = (
				289BE0D11F144EFE00B06C1C /* StubbedResponses */,
				28681B651F13E7790091BC28 /* ServiceConstants.swift */,
				28681B671F13E8EC0091BC28 /* PaymentService.swift */,
				28681B6E1F13FAFD0091BC28 /* BaseService.swift */,
			);
			name = Services;
			sourceTree = "<group>";
		};
		28681B601F13B4110091BC28 /* Amout */ = {
			isa = PBXGroup;
			children = (
				28681B4F1F1194690091BC28 /* AmountViewController.swift */,
			);
			name = Amout;
			sourceTree = "<group>";
		};
		28681B611F13B4200091BC28 /* Storyboards */ = {
			isa = PBXGroup;
			children = (
				28681B511F1194690091BC28 /* Payment.storyboard */,
				28681B561F1194690091BC28 /* LaunchScreen.storyboard */,
			);
			name = Storyboards;
			sourceTree = "<group>";
		};
		28681B621F13B4390091BC28 /* Resources */ = {
			isa = PBXGroup;
			children = (
				28681B591F1194690091BC28 /* Info.plist */,
				28681B541F1194690091BC28 /* Assets.xcassets */,
			);
			name = Resources;
			sourceTree = "<group>";
		};
		28681B691F13EE380091BC28 /* Networking */ = {
			isa = PBXGroup;
			children = (
				28681B6A1F13EE4C0091BC28 /* Network.swift */,
				28681B6C1F13EFA90091BC28 /* DefaultAlamofireManager.swift */,
			);
			name = Networking;
			sourceTree = "<group>";
		};
		289BE0D11F144EFE00B06C1C /* StubbedResponses */ = {
			isa = PBXGroup;
			children = (
				289BE0D21F144FF400B06C1C /* payment_methods.json */,
			);
			name = StubbedResponses;
			sourceTree = "<group>";
		};
		289BE0D41F14503C00B06C1C /* Utilities */ = {
			isa = PBXGroup;
			children = (
				289BE0D51F14504D00B06C1C /* FileReader.swift */,
			);
			name = Utilities;
			sourceTree = "<group>";
		};
		289BE0D71F1451A600B06C1C /* Payment Method */ = {
			isa = PBXGroup;
			children = (
				28681B631F13C1C30091BC28 /* PaymentMethodViewController.swift */,
				289BE0D91F152D5E00B06C1C /* PaymentMethodCell.swift */,
			);
			name = "Payment Method";
			sourceTree = "<group>";
		};
		289BE0D81F1451BF00B06C1C /* ViewControllers */ = {
			isa = PBXGroup;
			children = (
				289BE0D71F1451A600B06C1C /* Payment Method */,
				28681B601F13B4110091BC28 /* Amout */,
			);
			name = ViewControllers;
			sourceTree = "<group>";
		};
		AC9CF80788B8139C5F641348 /* Frameworks */ = {
			isa = PBXGroup;
			children = (
				F15144AE96E705710B29D1A2 /* Pods_payment.framework */,
			);
			name = Frameworks;
			sourceTree = "<group>";
		};
		B91C8B86AEF5A1B2C7102409 /* Pods */ = {
			isa = PBXGroup;
			children = (
				71579BC3FBE04F134741C7A4 /* Pods-payment.debug.xcconfig */,
				F7987EEBF629B548633809C9 /* Pods-payment.release.xcconfig */,
			);
			name = Pods;
			sourceTree = "<group>";
		};
/* End PBXGroup section */

/* Begin PBXNativeTarget section */
		28681B491F1194690091BC28 /* payment */ = {
			isa = PBXNativeTarget;
			buildConfigurationList = 28681B5C1F1194690091BC28 /* Build configuration list for PBXNativeTarget "payment" */;
			buildPhases = (
				6942427BECFD034822DBDD2F /* [CP] Check Pods Manifest.lock */,
				28681B461F1194690091BC28 /* Sources */,
				28681B471F1194690091BC28 /* Frameworks */,
				28681B481F1194690091BC28 /* Resources */,
				1898041CA0B68A6F0D384A21 /* [CP] Embed Pods Frameworks */,
				C29DA59585FCC397315B3A64 /* [CP] Copy Pods Resources */,
			);
			buildRules = (
			);
			dependencies = (
			);
			name = payment;
			productName = payment;
			productReference = 28681B4A1F1194690091BC28 /* payment.app */;
			productType = "com.apple.product-type.application";
		};
/* End PBXNativeTarget section */

/* Begin PBXProject section */
		28681B421F1194690091BC28 /* Project object */ = {
			isa = PBXProject;
			attributes = {
				LastSwiftUpdateCheck = 0820;
				LastUpgradeCheck = 0820;
				ORGANIZATIONNAME = "Fernando Romiti";
				TargetAttributes = {
					28681B491F1194690091BC28 = {
						CreatedOnToolsVersion = 8.2.1;
						DevelopmentTeam = M3VEKR8FJW;
						ProvisioningStyle = Automatic;
					};
				};
			};
			buildConfigurationList = 28681B451F1194690091BC28 /* Build configuration list for PBXProject "payment" */;
			compatibilityVersion = "Xcode 3.2";
			developmentRegion = English;
			hasScannedForEncodings = 0;
			knownRegions = (
				en,
				Base,
			);
			mainGroup = 28681B411F1194690091BC28;
			productRefGroup = 28681B4B1F1194690091BC28 /* Products */;
			projectDirPath = "";
			projectRoot = "";
			targets = (
				28681B491F1194690091BC28 /* payment */,
			);
		};
/* End PBXProject section */

/* Begin PBXResourcesBuildPhase section */
		28681B481F1194690091BC28 /* Resources */ = {
			isa = PBXResourcesBuildPhase;
			buildActionMask = 2147483647;
			files = (
				28681B581F1194690091BC28 /* LaunchScreen.storyboard in Resources */,
				289BE0D31F144FF400B06C1C /* payment_methods.json in Resources */,
				28681B551F1194690091BC28 /* Assets.xcassets in Resources */,
				28681B531F1194690091BC28 /* Payment.storyboard in Resources */,
			);
			runOnlyForDeploymentPostprocessing = 0;
		};
/* End PBXResourcesBuildPhase section */

/* Begin PBXShellScriptBuildPhase section */
		1898041CA0B68A6F0D384A21 /* [CP] Embed Pods Frameworks */ = {
			isa = PBXShellScriptBuildPhase;
			buildActionMask = 2147483647;
			files = (
			);
			inputPaths = (
			);
			name = "[CP] Embed Pods Frameworks";
			outputPaths = (
			);
			runOnlyForDeploymentPostprocessing = 0;
			shellPath = /bin/sh;
			shellScript = "\"${SRCROOT}/Pods/Target Support Files/Pods-payment/Pods-payment-frameworks.sh\"\n";
			showEnvVarsInLog = 0;
		};
		6942427BECFD034822DBDD2F /* [CP] Check Pods Manifest.lock */ = {
			isa = PBXShellScriptBuildPhase;
			buildActionMask = 2147483647;
			files = (
			);
			inputPaths = (
			);
			name = "[CP] Check Pods Manifest.lock";
			outputPaths = (
			);
			runOnlyForDeploymentPostprocessing = 0;
			shellPath = /bin/sh;
			shellScript = "diff \"${PODS_PODFILE_DIR_PATH}/Podfile.lock\" \"${PODS_ROOT}/Manifest.lock\" > /dev/null\nif [ $? != 0 ] ; then\n    # print error to STDERR\n    echo \"error: The sandbox is not in sync with the Podfile.lock. Run 'pod install' or update your CocoaPods installation.\" >&2\n    exit 1\nfi\n";
			showEnvVarsInLog = 0;
		};
		C29DA59585FCC397315B3A64 /* [CP] Copy Pods Resources */ = {
			isa = PBXShellScriptBuildPhase;
			buildActionMask = 2147483647;
			files = (
			);
			inputPaths = (
			);
			name = "[CP] Copy Pods Resources";
			outputPaths = (
			);
			runOnlyForDeploymentPostprocessing = 0;
			shellPath = /bin/sh;
			shellScript = "\"${SRCROOT}/Pods/Target Support Files/Pods-payment/Pods-payment-resources.sh\"\n";
			showEnvVarsInLog = 0;
		};
/* End PBXShellScriptBuildPhase section */

/* Begin PBXSourcesBuildPhase section */
		28681B461F1194690091BC28 /* Sources */ = {
			isa = PBXSourcesBuildPhase;
			buildActionMask = 2147483647;
			files = (
				28681B6F1F13FAFD0091BC28 /* BaseService.swift in Sources */,
				289BE0DA1F152D5E00B06C1C /* PaymentMethodCell.swift in Sources */,
				28681B501F1194690091BC28 /* AmountViewController.swift in Sources */,
				28681B641F13C1C30091BC28 /* PaymentMethodViewController.swift in Sources */,
				289BE0D61F14504D00B06C1C /* FileReader.swift in Sources */,
				28681B6B1F13EE4C0091BC28 /* Network.swift in Sources */,
				28681B4E1F1194690091BC28 /* AppDelegate.swift in Sources */,
				28681B661F13E7790091BC28 /* ServiceConstants.swift in Sources */,
				28681B6D1F13EFA90091BC28 /* DefaultAlamofireManager.swift in Sources */,
				28681B681F13E8EC0091BC28 /* PaymentService.swift in Sources */,
			);
			runOnlyForDeploymentPostprocessing = 0;
		};
/* End PBXSourcesBuildPhase section */

/* Begin PBXVariantGroup section */
		28681B511F1194690091BC28 /* Payment.storyboard */ = {
			isa = PBXVariantGroup;
			children = (
				28681B521F1194690091BC28 /* Base */,
			);
			name = Payment.storyboard;
			sourceTree = "<group>";
		};
		28681B561F1194690091BC28 /* LaunchScreen.storyboard */ = {
			isa = PBXVariantGroup;
			children = (
				28681B571F1194690091BC28 /* Base */,
			);
			name = LaunchScreen.storyboard;
			sourceTree = "<group>";
		};
/* End PBXVariantGroup section */

/* Begin XCBuildConfiguration section */
		28681B5A1F1194690091BC28 /* Debug */ = {
			isa = XCBuildConfiguration;
			buildSettings = {
				ALWAYS_SEARCH_USER_PATHS = NO;
				CLANG_ANALYZER_NONNULL = YES;
				CLANG_CXX_LANGUAGE_STANDARD = "gnu++0x";
				CLANG_CXX_LIBRARY = "libc++";
				CLANG_ENABLE_MODULES = YES;
				CLANG_ENABLE_OBJC_ARC = YES;
				CLANG_WARN_BOOL_CONVERSION = YES;
				CLANG_WARN_CONSTANT_CONVERSION = YES;
				CLANG_WARN_DIRECT_OBJC_ISA_USAGE = YES_ERROR;
				CLANG_WARN_DOCUMENTATION_COMMENTS = YES;
				CLANG_WARN_EMPTY_BODY = YES;
				CLANG_WARN_ENUM_CONVERSION = YES;
				CLANG_WARN_INFINITE_RECURSION = YES;
				CLANG_WARN_INT_CONVERSION = YES;
				CLANG_WARN_OBJC_ROOT_CLASS = YES_ERROR;
				CLANG_WARN_SUSPICIOUS_MOVE = YES;
				CLANG_WARN_UNREACHABLE_CODE = YES;
				CLANG_WARN__DUPLICATE_METHOD_MATCH = YES;
				"CODE_SIGN_IDENTITY[sdk=iphoneos*]" = "iPhone Developer";
				COPY_PHASE_STRIP = NO;
				DEBUG_INFORMATION_FORMAT = dwarf;
				ENABLE_STRICT_OBJC_MSGSEND = YES;
				ENABLE_TESTABILITY = YES;
				GCC_C_LANGUAGE_STANDARD = gnu99;
				GCC_DYNAMIC_NO_PIC = NO;
				GCC_NO_COMMON_BLOCKS = YES;
				GCC_OPTIMIZATION_LEVEL = 0;
				GCC_PREPROCESSOR_DEFINITIONS = (
					"DEBUG=1",
					"$(inherited)",
				);
				GCC_WARN_64_TO_32_BIT_CONVERSION = YES;
				GCC_WARN_ABOUT_RETURN_TYPE = YES_ERROR;
				GCC_WARN_UNDECLARED_SELECTOR = YES;
				GCC_WARN_UNINITIALIZED_AUTOS = YES_AGGRESSIVE;
				GCC_WARN_UNUSED_FUNCTION = YES;
				GCC_WARN_UNUSED_VARIABLE = YES;
				IPHONEOS_DEPLOYMENT_TARGET = 10.2;
				MTL_ENABLE_DEBUG_INFO = YES;
				ONLY_ACTIVE_ARCH = YES;
				SDKROOT = iphoneos;
				SWIFT_ACTIVE_COMPILATION_CONDITIONS = DEBUG;
				SWIFT_OPTIMIZATION_LEVEL = "-Onone";
			};
			name = Debug;
		};
		28681B5B1F1194690091BC28 /* Release */ = {
			isa = XCBuildConfiguration;
			buildSettings = {
				ALWAYS_SEARCH_USER_PATHS = NO;
				CLANG_ANALYZER_NONNULL = YES;
				CLANG_CXX_LANGUAGE_STANDARD = "gnu++0x";
				CLANG_CXX_LIBRARY = "libc++";
				CLANG_ENABLE_MODULES = YES;
				CLANG_ENABLE_OBJC_ARC = YES;
				CLANG_WARN_BOOL_CONVERSION = YES;
				CLANG_WARN_CONSTANT_CONVERSION = YES;
				CLANG_WARN_DIRECT_OBJC_ISA_USAGE = YES_ERROR;
				CLANG_WARN_DOCUMENTATION_COMMENTS = YES;
				CLANG_WARN_EMPTY_BODY = YES;
				CLANG_WARN_ENUM_CONVERSION = YES;
				CLANG_WARN_INFINITE_RECURSION = YES;
				CLANG_WARN_INT_CONVERSION = YES;
				CLANG_WARN_OBJC_ROOT_CLASS = YES_ERROR;
				CLANG_WARN_SUSPICIOUS_MOVE = YES;
				CLANG_WARN_UNREACHABLE_CODE = YES;
				CLANG_WARN__DUPLICATE_METHOD_MATCH = YES;
				"CODE_SIGN_IDENTITY[sdk=iphoneos*]" = "iPhone Developer";
				COPY_PHASE_STRIP = NO;
				DEBUG_INFORMATION_FORMAT = "dwarf-with-dsym";
				ENABLE_NS_ASSERTIONS = NO;
				ENABLE_STRICT_OBJC_MSGSEND = YES;
				GCC_C_LANGUAGE_STANDARD = gnu99;
				GCC_NO_COMMON_BLOCKS = YES;
				GCC_WARN_64_TO_32_BIT_CONVERSION = YES;
				GCC_WARN_ABOUT_RETURN_TYPE = YES_ERROR;
				GCC_WARN_UNDECLARED_SELECTOR = YES;
				GCC_WARN_UNINITIALIZED_AUTOS = YES_AGGRESSIVE;
				GCC_WARN_UNUSED_FUNCTION = YES;
				GCC_WARN_UNUSED_VARIABLE = YES;
				IPHONEOS_DEPLOYMENT_TARGET = 10.2;
				MTL_ENABLE_DEBUG_INFO = NO;
				SDKROOT = iphoneos;
				SWIFT_OPTIMIZATION_LEVEL = "-Owholemodule";
				VALIDATE_PRODUCT = YES;
			};
			name = Release;
		};
		28681B5D1F1194690091BC28 /* Debug */ = {
			isa = XCBuildConfiguration;
			baseConfigurationReference = 71579BC3FBE04F134741C7A4 /* Pods-payment.debug.xcconfig */;
			buildSettings = {
				ASSETCATALOG_COMPILER_APPICON_NAME = AppIcon;
				DEVELOPMENT_TEAM = M3VEKR8FJW;
				INFOPLIST_FILE = payment/Info.plist;
				LD_RUNPATH_SEARCH_PATHS = "$(inherited) @executable_path/Frameworks";
				PRODUCT_BUNDLE_IDENTIFIER = fernando.romiti.payment;
				PRODUCT_NAME = "$(TARGET_NAME)";
				SWIFT_VERSION = 3.0;
			};
			name = Debug;
		};
		28681B5E1F1194690091BC28 /* Release */ = {
			isa = XCBuildConfiguration;
			baseConfigurationReference = F7987EEBF629B548633809C9 /* Pods-payment.release.xcconfig */;
			buildSettings = {
				ASSETCATALOG_COMPILER_APPICON_NAME = AppIcon;
				DEVELOPMENT_TEAM = M3VEKR8FJW;
				INFOPLIST_FILE = payment/Info.plist;
				LD_RUNPATH_SEARCH_PATHS = "$(inherited) @executable_path/Frameworks";
				PRODUCT_BUNDLE_IDENTIFIER = fernando.romiti.payment;
				PRODUCT_NAME = "$(TARGET_NAME)";
				SWIFT_VERSION = 3.0;
			};
			name = Release;
		};
/* End XCBuildConfiguration section */

/* Begin XCConfigurationList section */
		28681B451F1194690091BC28 /* Build configuration list for PBXProject "payment" */ = {
			isa = XCConfigurationList;
			buildConfigurations = (
				28681B5A1F1194690091BC28 /* Debug */,
				28681B5B1F1194690091BC28 /* Release */,
			);
			defaultConfigurationIsVisible = 0;
			defaultConfigurationName = Release;
		};
		28681B5C1F1194690091BC28 /* Build configuration list for PBXNativeTarget "payment" */ = {
			isa = XCConfigurationList;
			buildConfigurations = (
				28681B5D1F1194690091BC28 /* Debug */,
				28681B5E1F1194690091BC28 /* Release */,
			);
			defaultConfigurationIsVisible = 0;
			defaultConfigurationName = Release;
		};
/* End XCConfigurationList section */
	};
	rootObject = 28681B421F1194690091BC28 /* Project object */;
}
